
Microsoft Visual Studio Solution File, Format Version 12.00
# Visual Studio Version 16
VisualStudioVersion = 16.0.33423.256
MinimumVisualStudioVersion = 10.0.40219.1
Project("{8BC9CEB8-8B4A-11D0-8D11-00A0C91BC942}") = "선택정렬과제", "선택정렬과제.vcxproj", "{E1FF8882-AFF4-4FDE-B988-0AA54BBBF5A6}"
EndProject
Global
	GlobalSection(SolutionConfigurationPlatforms) = preSolution
		Debug|x64 = Debug|x64
		Debug|x86 = Debug|x86
		Release|x64 = Release|x64
		Release|x86 = Release|x86
	EndGlobalSection
	GlobalSection(ProjectConfigurationPlatforms) = postSolution
		{E1FF8882-AFF4-4FDE-B988-0AA54BBBF5A6}.Debug|x64.ActiveCfg = Debug|x64
		{E1FF8882-AFF4-4FDE-B988-0AA54BBBF5A6}.Debug|x64.Build.0 = Debug|x64
		{E1FF8882-AFF4-4FDE-B988-0AA54BBBF5A6}.Debug|x86.ActiveCfg = Debug|Win32
		{E1FF8882-AFF4-4FDE-B988-0AA54BBBF5A6}.Debug|x86.Build.0 = Debug|Win32
		{E1FF8882-AFF4-4FDE-B988-0AA54BBBF5A6}.Release|x64.ActiveCfg = Release|x64
		{E1FF8882-AFF4-4FDE-B988-0AA54BBBF5A6}.Release|x64.Build.0 = Release|x64
		{E1FF8882-AFF4-4FDE-B988-0AA54BBBF5A6}.Release|x86.ActiveCfg = Release|Win32
		{E1FF8882-AFF4-4FDE-B988-0AA54BBBF5A6}.Release|x86.Build.0 = Release|Win32
	EndGlobalSection
	GlobalSection(SolutionProperties) = preSolution
		HideSolutionNode = FALSE
	EndGlobalSection
	GlobalSection(ExtensibilityGlobals) = postSolution
		SolutionGuid = {C40C1BA1-78E7-4B02-8CB7-5BD1A9F56613}
	EndGlobalSection
EndGlobal
